
Microsoft Visual Studio Solution File, Format Version 12.00
# Visual Studio Version 17
VisualStudioVersion = 17.5.33424.131
MinimumVisualStudioVersion = 10.0.40219.1
Project("{FAE04EC0-301F-11D3-BF4B-00C04F79EFBC}") = "API", "API\API.csproj", "{7C709047-F661-426F-B11C-B43EB188F28C}"
EndProject
Project("{FAE04EC0-301F-11D3-BF4B-00C04F79EFBC}") = "Domain", "Domain\Domain.csproj", "{7F2DFE5B-A78D-4749-9CF3-07354BC532FD}"
EndProject
Project("{FAE04EC0-301F-11D3-BF4B-00C04F79EFBC}") = "Application", "Application\Application.csproj", "{75EDCD7E-55AA-46D2-B22F-23993043A76D}"
EndProject
Project("{FAE04EC0-301F-11D3-BF4B-00C04F79EFBC}") = "Infrastructure", "Infrastructure\Infrastructure.csproj", "{3ADDB907-93C6-4FD2-B2C5-6533A057B5A4}"
EndProject
Project("{FAE04EC0-301F-11D3-BF4B-00C04F79EFBC}") = "UI", "UI\UI.csproj", "{D9775273-BF23-46FA-97FB-355F27100FF8}"
EndProject
Global
	GlobalSection(SolutionConfigurationPlatforms) = preSolution
		Debug|Any CPU = Debug|Any CPU
		Release|Any CPU = Release|Any CPU
	EndGlobalSection
	GlobalSection(ProjectConfigurationPlatforms) = postSolution
		{7C709047-F661-426F-B11C-B43EB188F28C}.Debug|Any CPU.ActiveCfg = Debug|Any CPU
		{7C709047-F661-426F-B11C-B43EB188F28C}.Debug|Any CPU.Build.0 = Debug|Any CPU
		{7C709047-F661-426F-B11C-B43EB188F28C}.Release|Any CPU.ActiveCfg = Release|Any CPU
		{7C709047-F661-426F-B11C-B43EB188F28C}.Release|Any CPU.Build.0 = Release|Any CPU
		{7F2DFE5B-A78D-4749-9CF3-07354BC532FD}.Debug|Any CPU.ActiveCfg = Debug|Any CPU
		{7F2DFE5B-A78D-4749-9CF3-07354BC532FD}.Debug|Any CPU.Build.0 = Debug|Any CPU
		{7F2DFE5B-A78D-4749-9CF3-07354BC532FD}.Release|Any CPU.ActiveCfg = Release|Any CPU
		{7F2DFE5B-A78D-4749-9CF3-07354BC532FD}.Release|Any CPU.Build.0 = Release|Any CPU
		{75EDCD7E-55AA-46D2-B22F-23993043A76D}.Debug|Any CPU.ActiveCfg = Debug|Any CPU
		{75EDCD7E-55AA-46D2-B22F-23993043A76D}.Debug|Any CPU.Build.0 = Debug|Any CPU
		{75EDCD7E-55AA-46D2-B22F-23993043A76D}.Release|Any CPU.ActiveCfg = Release|Any CPU
		{75EDCD7E-55AA-46D2-B22F-23993043A76D}.Release|Any CPU.Build.0 = Release|Any CPU
		{3ADDB907-93C6-4FD2-B2C5-6533A057B5A4}.Debug|Any CPU.ActiveCfg = Debug|Any CPU
		{3ADDB907-93C6-4FD2-B2C5-6533A057B5A4}.Debug|Any CPU.Build.0 = Debug|Any CPU
		{3ADDB907-93C6-4FD2-B2C5-6533A057B5A4}.Release|Any CPU.ActiveCfg = Release|Any CPU
		{3ADDB907-93C6-4FD2-B2C5-6533A057B5A4}.Release|Any CPU.Build.0 = Release|Any CPU
		{D9775273-BF23-46FA-97FB-355F27100FF8}.Debug|Any CPU.ActiveCfg = Debug|Any CPU
		{D9775273-BF23-46FA-97FB-355F27100FF8}.Debug|Any CPU.Build.0 = Debug|Any CPU
		{D9775273-BF23-46FA-97FB-355F27100FF8}.Release|Any CPU.ActiveCfg = Release|Any CPU
		{D9775273-BF23-46FA-97FB-355F27100FF8}.Release|Any CPU.Build.0 = Release|Any CPU
	EndGlobalSection
	GlobalSection(SolutionProperties) = preSolution
		HideSolutionNode = FALSE
	EndGlobalSection
	GlobalSection(ExtensibilityGlobals) = postSolution
		SolutionGuid = {21FA2EF2-1675-4649-91CC-36351007EDE3}
	EndGlobalSection
EndGlobal
